Microsoft Visual Studio Solution File, Format Version 12.00
# Visual Studio Version 17
VisualStudioVersion = 17.5.2.0
MinimumVisualStudioVersion = 10.0.40219.1
Project("{FAE04EC0-301F-11D3-BF4B-00C04F79EFBC}") = "azuredeploy", "azuredeploy.csproj", "{B2A5473D-3EB7-C6D1-D853-637160B202B5}"
EndProject
Global
	GlobalSection(SolutionConfigurationPlatforms) = preSolution
		Debug|Any CPU = Debug|Any CPU
		Release|Any CPU = Release|Any CPU
	EndGlobalSection
	GlobalSection(ProjectConfigurationPlatforms) = postSolution
		{B2A5473D-3EB7-C6D1-D853-637160B202B5}.Debug|Any CPU.ActiveCfg = Debug|Any CPU
		{B2A5473D-3EB7-C6D1-D853-637160B202B5}.Debug|Any CPU.Build.0 = Debug|Any CPU
		{B2A5473D-3EB7-C6D1-D853-637160B202B5}.Release|Any CPU.ActiveCfg = Release|Any CPU
		{B2A5473D-3EB7-C6D1-D853-637160B202B5}.Release|Any CPU.Build.0 = Release|Any CPU
	EndGlobalSection
	GlobalSection(SolutionProperties) = preSolution
		HideSolutionNode = FALSE
	EndGlobalSection
	GlobalSection(ExtensibilityGlobals) = postSolution
		SolutionGuid = {F78E7EDA-A712-41BB-BB0C-3B168A9172CD}
	EndGlobalSection
EndGlobal
